
Microsoft Visual Studio Solution File, Format Version 12.00
Project("{2150E333-8FDC-42A3-9474-1A3956D46DE8}") = "src", "src", "{DDDC2079-9DE7-46CB-A282-B8BA48A08054}"
EndProject
Project("{2150E333-8FDC-42A3-9474-1A3956D46DE8}") = "Core", "Core", "{02BC5E41-8CFA-4F6A-8237-2240E8F39D67}"
EndProject
Project("{FAE04EC0-301F-11D3-BF4B-00C04F79EFBC}") = "OnionDemo.Domain", "src\Core\OnionDemo.Domain\OnionDemo.Domain.csproj", "{F977C263-D735-46F5-A2C4-FDF288BEDB9B}"
EndProject
Project("{FAE04EC0-301F-11D3-BF4B-00C04F79EFBC}") = "OnionDemo.Application", "src\Core\OnionDemo.Application\OnionDemo.Application.csproj", "{2DE3FF36-AA87-42FF-8755-CA503B555B61}"
EndProject
Project("{2150E333-8FDC-42A3-9474-1A3956D46DE8}") = "Infrastructure", "Infrastructure", "{47FEA017-F0C2-4EF5-A03C-6398CAA28982}"
EndProject
Project("{2150E333-8FDC-42A3-9474-1A3956D46DE8}") = "WebApi", "WebApi", "{201D118A-5611-414B-93CA-C31EF142BFB3}"
EndProject
Project("{FAE04EC0-301F-11D3-BF4B-00C04F79EFBC}") = "OnionDemo.Persistence", "src\Infrastructure\OnionDemo.Persistence\OnionDemo.Persistence.csproj", "{41D48DB6-F41E-4E37-95AD-0E11033AB278}"
EndProject
Project("{FAE04EC0-301F-11D3-BF4B-00C04F79EFBC}") = "OnionDemo.WebApi", "src\WebApi\OnionDemo.WebApi\OnionDemo.WebApi.csproj", "{9516AC9A-CB5D-4972-9962-26907E52088C}"
EndProject
Global
	GlobalSection(SolutionConfigurationPlatforms) = preSolution
		Debug|Any CPU = Debug|Any CPU
		Release|Any CPU = Release|Any CPU
	EndGlobalSection
	GlobalSection(NestedProjects) = preSolution
		{02BC5E41-8CFA-4F6A-8237-2240E8F39D67} = {DDDC2079-9DE7-46CB-A282-B8BA48A08054}
		{F977C263-D735-46F5-A2C4-FDF288BEDB9B} = {02BC5E41-8CFA-4F6A-8237-2240E8F39D67}
		{2DE3FF36-AA87-42FF-8755-CA503B555B61} = {02BC5E41-8CFA-4F6A-8237-2240E8F39D67}
		{47FEA017-F0C2-4EF5-A03C-6398CAA28982} = {DDDC2079-9DE7-46CB-A282-B8BA48A08054}
		{201D118A-5611-414B-93CA-C31EF142BFB3} = {DDDC2079-9DE7-46CB-A282-B8BA48A08054}
		{41D48DB6-F41E-4E37-95AD-0E11033AB278} = {47FEA017-F0C2-4EF5-A03C-6398CAA28982}
		{9516AC9A-CB5D-4972-9962-26907E52088C} = {201D118A-5611-414B-93CA-C31EF142BFB3}
	EndGlobalSection
	GlobalSection(ProjectConfigurationPlatforms) = postSolution
		{F977C263-D735-46F5-A2C4-FDF288BEDB9B}.Debug|Any CPU.ActiveCfg = Debug|Any CPU
		{F977C263-D735-46F5-A2C4-FDF288BEDB9B}.Debug|Any CPU.Build.0 = Debug|Any CPU
		{F977C263-D735-46F5-A2C4-FDF288BEDB9B}.Release|Any CPU.ActiveCfg = Release|Any CPU
		{F977C263-D735-46F5-A2C4-FDF288BEDB9B}.Release|Any CPU.Build.0 = Release|Any CPU
		{2DE3FF36-AA87-42FF-8755-CA503B555B61}.Debug|Any CPU.ActiveCfg = Debug|Any CPU
		{2DE3FF36-AA87-42FF-8755-CA503B555B61}.Debug|Any CPU.Build.0 = Debug|Any CPU
		{2DE3FF36-AA87-42FF-8755-CA503B555B61}.Release|Any CPU.ActiveCfg = Release|Any CPU
		{2DE3FF36-AA87-42FF-8755-CA503B555B61}.Release|Any CPU.Build.0 = Release|Any CPU
		{41D48DB6-F41E-4E37-95AD-0E11033AB278}.Debug|Any CPU.ActiveCfg = Debug|Any CPU
		{41D48DB6-F41E-4E37-95AD-0E11033AB278}.Debug|Any CPU.Build.0 = Debug|Any CPU
		{41D48DB6-F41E-4E37-95AD-0E11033AB278}.Release|Any CPU.ActiveCfg = Release|Any CPU
		{41D48DB6-F41E-4E37-95AD-0E11033AB278}.Release|Any CPU.Build.0 = Release|Any CPU
		{9516AC9A-CB5D-4972-9962-26907E52088C}.Debug|Any CPU.ActiveCfg = Debug|Any CPU
		{9516AC9A-CB5D-4972-9962-26907E52088C}.Debug|Any CPU.Build.0 = Debug|Any CPU
		{9516AC9A-CB5D-4972-9962-26907E52088C}.Release|Any CPU.ActiveCfg = Release|Any CPU
		{9516AC9A-CB5D-4972-9962-26907E52088C}.Release|Any CPU.Build.0 = Release|Any CPU
	EndGlobalSection
EndGlobal
