
Microsoft Visual Studio Solution File, Format Version 12.00
# Visual Studio Version 16
Project("{2150E333-8FDC-42A3-9474-1A3956D46DE8}") = "src", "src", "{4EB3E339-D5D4-4519-A8F4-C20494C7FBBB}"
EndProject
Project("{2150E333-8FDC-42A3-9474-1A3956D46DE8}") = "ApiGateways", "ApiGateways", "{0EEB6B35-6D1E-4874-A8C9-1979720956A5}"
EndProject
Project("{2150E333-8FDC-42A3-9474-1A3956D46DE8}") = "BuildingBlocks", "BuildingBlocks", "{58FA9D10-402C-460D-BB4B-D96555673D1D}"
EndProject
Project("{2150E333-8FDC-42A3-9474-1A3956D46DE8}") = "Clients", "Clients", "{F8D2ABF9-C171-4D42-82C9-685B15BC573F}"
EndProject
Project("{2150E333-8FDC-42A3-9474-1A3956D46DE8}") = "Services", "Services", "{2317A15E-DBE6-4356-A488-BF7D5929C3B1}"
EndProject
Project("{2150E333-8FDC-42A3-9474-1A3956D46DE8}") = "BlazorWebApp", "BlazorWebApp", "{156E6661-B252-4F86-BDE8-2319E83C84DF}"
EndProject
Project("{2150E333-8FDC-42A3-9474-1A3956D46DE8}") = "EventBus", "EventBus", "{01C9A30B-AD37-4B27-B1EE-1ED0410646F2}"
EndProject
Project("{2150E333-8FDC-42A3-9474-1A3956D46DE8}") = "WebApiGateway", "WebApiGateway", "{60629CD8-D90A-4387-9092-BE07FCEA3184}"
EndProject
Project("{FAE04EC0-301F-11D3-BF4B-00C04F79EFBC}") = "Web.ApiGateway", "src\ApiGateways\WebApiGateway\Web.ApiGateway\Web.ApiGateway.csproj", "{CF1BC4DE-5195-49C7-8AEE-256FD02084EE}"
EndProject
Project("{FAE04EC0-301F-11D3-BF4B-00C04F79EFBC}") = "EventBus.Base", "src\BuildingBlocks\EventBus\EventBus.Base\EventBus.Base.csproj", "{BBF1BD7C-873C-4B10-9785-8D1D517A3728}"
EndProject
Project("{FAE04EC0-301F-11D3-BF4B-00C04F79EFBC}") = "EventBus.RabbitMQ", "src\BuildingBlocks\EventBus\EventBus.RabbitMQ\EventBus.RabbitMQ.csproj", "{EBC7631E-1192-4832-A818-631BF7D4AE22}"
EndProject
Project("{FAE04EC0-301F-11D3-BF4B-00C04F79EFBC}") = "EventBus.Factory", "src\BuildingBlocks\EventBus\EventBus.Factory\EventBus.Factory.csproj", "{74B2B97B-7767-4542-A456-88CA02CD0745}"
EndProject
Project("{FAE04EC0-301F-11D3-BF4B-00C04F79EFBC}") = "EventBus.AzureServiceBus", "src\BuildingBlocks\EventBus\EventBus.AzureServiceBus\EventBus.AzureServiceBus.csproj", "{0810437E-653E-44BF-A8D6-EE59194F98A7}"
EndProject
Project("{FAE04EC0-301F-11D3-BF4B-00C04F79EFBC}") = "WebApp", "src\Clients\BlazorWebApp\WebApp\WebApp.csproj", "{8BE83687-786A-4DAB-9BEC-F1FBC237B772}"
EndProject
Project("{2150E333-8FDC-42A3-9474-1A3956D46DE8}") = "BasketService", "BasketService", "{2CA05DEC-ED98-4C22-9A1F-D30307C67716}"
EndProject
Project("{FAE04EC0-301F-11D3-BF4B-00C04F79EFBC}") = "BasketService.Api", "src\Services\BasketService\BasketService.Api\BasketService.Api.csproj", "{5B9B939F-6996-48AE-954C-7EF64BD63494}"
EndProject
Project("{2150E333-8FDC-42A3-9474-1A3956D46DE8}") = "CatalogService", "CatalogService", "{12AA4313-8755-462B-9F33-C5601B1C78DF}"
EndProject
Project("{FAE04EC0-301F-11D3-BF4B-00C04F79EFBC}") = "CatalogService.Api", "src\Services\CatalogService\CatalogService.Api\CatalogService.Api.csproj", "{8878E601-9EB4-4F65-A869-DE32D6AFCAA5}"
EndProject
Project("{2150E333-8FDC-42A3-9474-1A3956D46DE8}") = "IdentityService", "IdentityService", "{0554EA8C-5BA7-4C89-A738-1D3511AD352D}"
EndProject
Project("{FAE04EC0-301F-11D3-BF4B-00C04F79EFBC}") = "IdentityService.Api", "src\Services\IdentityService\IdentityService.Api\IdentityService.Api.csproj", "{9D5D878A-58A5-47E0-918B-65AD3DA9857E}"
EndProject
Project("{2150E333-8FDC-42A3-9474-1A3956D46DE8}") = "NotificationService", "NotificationService", "{74C7DDAB-6909-4CED-9AEF-9FA0D086E98D}"
EndProject
Project("{FAE04EC0-301F-11D3-BF4B-00C04F79EFBC}") = "NotificationService", "src\Services\NotificationService\NotificationService\NotificationService.csproj", "{B6E94DDE-E5D0-41C0-91F6-33A61A5AECDF}"
EndProject
Project("{2150E333-8FDC-42A3-9474-1A3956D46DE8}") = "OrderService", "OrderService", "{CFFCEF67-9DA7-495A-810E-76EEAB3D6BC9}"
EndProject
Project("{FAE04EC0-301F-11D3-BF4B-00C04F79EFBC}") = "OrderService.Domain", "src\Services\OrderService\OrderService.Domain\OrderService.Domain.csproj", "{315D60CA-2896-49AC-A632-9CED745997A0}"
EndProject
Project("{FAE04EC0-301F-11D3-BF4B-00C04F79EFBC}") = "OrderService.Application", "src\Services\OrderService\OrderService.Application\OrderService.Application.csproj", "{582A3CCE-FC30-4A62-9DDB-47EE7892BC34}"
EndProject
Project("{FAE04EC0-301F-11D3-BF4B-00C04F79EFBC}") = "OrderService.Infrastructure", "src\Services\OrderService\OrderService.Infrastructure\OrderService.Infrastructure.csproj", "{B6AD85CF-BCFD-4630-932E-ADA6894E6886}"
EndProject
Project("{FAE04EC0-301F-11D3-BF4B-00C04F79EFBC}") = "OrderService.Api", "src\Services\OrderService\OrderService.Api\OrderService.Api.csproj", "{323CB24F-8EA9-4814-9C8F-A1EAE98486BC}"
EndProject
Project("{2150E333-8FDC-42A3-9474-1A3956D46DE8}") = "PaymentService", "PaymentService", "{6C543FC9-00B3-4B67-BA04-03FB26E8FA6B}"
EndProject
Project("{FAE04EC0-301F-11D3-BF4B-00C04F79EFBC}") = "PaymentService.Api", "src\Services\PaymentService\PaymentService.Api\PaymentService.Api.csproj", "{2C162C8D-855F-416D-A7AA-DCD09164672D}"
EndProject
Project("{2150E333-8FDC-42A3-9474-1A3956D46DE8}") = "tests", "tests", "{051ED957-293A-42E6-BD83-00AE0414D4F6}"
EndProject
Project("{2150E333-8FDC-42A3-9474-1A3956D46DE8}") = "BuildingBlocks", "BuildingBlocks", "{34D9D4E7-2559-456F-9FD0-FEA368FA2F46}"
EndProject
Project("{FAE04EC0-301F-11D3-BF4B-00C04F79EFBC}") = "EventBus.UnitTest", "tests\BuildingBlocks\EventBus.UnitTest\EventBus.UnitTest.csproj", "{BE571D52-6A35-4A0D-8FC6-4AE8EC6AC73A}"
EndProject
Global
	GlobalSection(SolutionConfigurationPlatforms) = preSolution
		Debug|Any CPU = Debug|Any CPU
		Release|Any CPU = Release|Any CPU
	EndGlobalSection
	GlobalSection(NestedProjects) = preSolution
		{0EEB6B35-6D1E-4874-A8C9-1979720956A5} = {4EB3E339-D5D4-4519-A8F4-C20494C7FBBB}
		{58FA9D10-402C-460D-BB4B-D96555673D1D} = {4EB3E339-D5D4-4519-A8F4-C20494C7FBBB}
		{F8D2ABF9-C171-4D42-82C9-685B15BC573F} = {4EB3E339-D5D4-4519-A8F4-C20494C7FBBB}
		{2317A15E-DBE6-4356-A488-BF7D5929C3B1} = {4EB3E339-D5D4-4519-A8F4-C20494C7FBBB}
		{156E6661-B252-4F86-BDE8-2319E83C84DF} = {F8D2ABF9-C171-4D42-82C9-685B15BC573F}
		{01C9A30B-AD37-4B27-B1EE-1ED0410646F2} = {58FA9D10-402C-460D-BB4B-D96555673D1D}
		{60629CD8-D90A-4387-9092-BE07FCEA3184} = {0EEB6B35-6D1E-4874-A8C9-1979720956A5}
		{CF1BC4DE-5195-49C7-8AEE-256FD02084EE} = {60629CD8-D90A-4387-9092-BE07FCEA3184}
		{BBF1BD7C-873C-4B10-9785-8D1D517A3728} = {01C9A30B-AD37-4B27-B1EE-1ED0410646F2}
		{EBC7631E-1192-4832-A818-631BF7D4AE22} = {01C9A30B-AD37-4B27-B1EE-1ED0410646F2}
		{74B2B97B-7767-4542-A456-88CA02CD0745} = {01C9A30B-AD37-4B27-B1EE-1ED0410646F2}
		{0810437E-653E-44BF-A8D6-EE59194F98A7} = {01C9A30B-AD37-4B27-B1EE-1ED0410646F2}
		{8BE83687-786A-4DAB-9BEC-F1FBC237B772} = {156E6661-B252-4F86-BDE8-2319E83C84DF}
		{2CA05DEC-ED98-4C22-9A1F-D30307C67716} = {2317A15E-DBE6-4356-A488-BF7D5929C3B1}
		{5B9B939F-6996-48AE-954C-7EF64BD63494} = {2CA05DEC-ED98-4C22-9A1F-D30307C67716}
		{12AA4313-8755-462B-9F33-C5601B1C78DF} = {2317A15E-DBE6-4356-A488-BF7D5929C3B1}
		{8878E601-9EB4-4F65-A869-DE32D6AFCAA5} = {12AA4313-8755-462B-9F33-C5601B1C78DF}
		{0554EA8C-5BA7-4C89-A738-1D3511AD352D} = {2317A15E-DBE6-4356-A488-BF7D5929C3B1}
		{9D5D878A-58A5-47E0-918B-65AD3DA9857E} = {0554EA8C-5BA7-4C89-A738-1D3511AD352D}
		{74C7DDAB-6909-4CED-9AEF-9FA0D086E98D} = {2317A15E-DBE6-4356-A488-BF7D5929C3B1}
		{B6E94DDE-E5D0-41C0-91F6-33A61A5AECDF} = {74C7DDAB-6909-4CED-9AEF-9FA0D086E98D}
		{CFFCEF67-9DA7-495A-810E-76EEAB3D6BC9} = {2317A15E-DBE6-4356-A488-BF7D5929C3B1}
		{315D60CA-2896-49AC-A632-9CED745997A0} = {CFFCEF67-9DA7-495A-810E-76EEAB3D6BC9}
		{582A3CCE-FC30-4A62-9DDB-47EE7892BC34} = {CFFCEF67-9DA7-495A-810E-76EEAB3D6BC9}
		{B6AD85CF-BCFD-4630-932E-ADA6894E6886} = {CFFCEF67-9DA7-495A-810E-76EEAB3D6BC9}
		{323CB24F-8EA9-4814-9C8F-A1EAE98486BC} = {CFFCEF67-9DA7-495A-810E-76EEAB3D6BC9}
		{6C543FC9-00B3-4B67-BA04-03FB26E8FA6B} = {2317A15E-DBE6-4356-A488-BF7D5929C3B1}
		{2C162C8D-855F-416D-A7AA-DCD09164672D} = {6C543FC9-00B3-4B67-BA04-03FB26E8FA6B}
		{34D9D4E7-2559-456F-9FD0-FEA368FA2F46} = {051ED957-293A-42E6-BD83-00AE0414D4F6}
		{BE571D52-6A35-4A0D-8FC6-4AE8EC6AC73A} = {34D9D4E7-2559-456F-9FD0-FEA368FA2F46}
	EndGlobalSection
	GlobalSection(ProjectConfigurationPlatforms) = postSolution
		{CF1BC4DE-5195-49C7-8AEE-256FD02084EE}.Debug|Any CPU.ActiveCfg = Debug|Any CPU
		{CF1BC4DE-5195-49C7-8AEE-256FD02084EE}.Debug|Any CPU.Build.0 = Debug|Any CPU
		{CF1BC4DE-5195-49C7-8AEE-256FD02084EE}.Release|Any CPU.ActiveCfg = Release|Any CPU
		{CF1BC4DE-5195-49C7-8AEE-256FD02084EE}.Release|Any CPU.Build.0 = Release|Any CPU
		{BBF1BD7C-873C-4B10-9785-8D1D517A3728}.Debug|Any CPU.ActiveCfg = Debug|Any CPU
		{BBF1BD7C-873C-4B10-9785-8D1D517A3728}.Debug|Any CPU.Build.0 = Debug|Any CPU
		{BBF1BD7C-873C-4B10-9785-8D1D517A3728}.Release|Any CPU.ActiveCfg = Release|Any CPU
		{BBF1BD7C-873C-4B10-9785-8D1D517A3728}.Release|Any CPU.Build.0 = Release|Any CPU
		{EBC7631E-1192-4832-A818-631BF7D4AE22}.Debug|Any CPU.ActiveCfg = Debug|Any CPU
		{EBC7631E-1192-4832-A818-631BF7D4AE22}.Debug|Any CPU.Build.0 = Debug|Any CPU
		{EBC7631E-1192-4832-A818-631BF7D4AE22}.Release|Any CPU.ActiveCfg = Release|Any CPU
		{EBC7631E-1192-4832-A818-631BF7D4AE22}.Release|Any CPU.Build.0 = Release|Any CPU
		{74B2B97B-7767-4542-A456-88CA02CD0745}.Debug|Any CPU.ActiveCfg = Debug|Any CPU
		{74B2B97B-7767-4542-A456-88CA02CD0745}.Debug|Any CPU.Build.0 = Debug|Any CPU
		{74B2B97B-7767-4542-A456-88CA02CD0745}.Release|Any CPU.ActiveCfg = Release|Any CPU
		{74B2B97B-7767-4542-A456-88CA02CD0745}.Release|Any CPU.Build.0 = Release|Any CPU
		{0810437E-653E-44BF-A8D6-EE59194F98A7}.Debug|Any CPU.ActiveCfg = Debug|Any CPU
		{0810437E-653E-44BF-A8D6-EE59194F98A7}.Debug|Any CPU.Build.0 = Debug|Any CPU
		{0810437E-653E-44BF-A8D6-EE59194F98A7}.Release|Any CPU.ActiveCfg = Release|Any CPU
		{0810437E-653E-44BF-A8D6-EE59194F98A7}.Release|Any CPU.Build.0 = Release|Any CPU
		{8BE83687-786A-4DAB-9BEC-F1FBC237B772}.Debug|Any CPU.ActiveCfg = Debug|Any CPU
		{8BE83687-786A-4DAB-9BEC-F1FBC237B772}.Debug|Any CPU.Build.0 = Debug|Any CPU
		{8BE83687-786A-4DAB-9BEC-F1FBC237B772}.Release|Any CPU.ActiveCfg = Release|Any CPU
		{8BE83687-786A-4DAB-9BEC-F1FBC237B772}.Release|Any CPU.Build.0 = Release|Any CPU
		{5B9B939F-6996-48AE-954C-7EF64BD63494}.Debug|Any CPU.ActiveCfg = Debug|Any CPU
		{5B9B939F-6996-48AE-954C-7EF64BD63494}.Debug|Any CPU.Build.0 = Debug|Any CPU
		{5B9B939F-6996-48AE-954C-7EF64BD63494}.Release|Any CPU.ActiveCfg = Release|Any CPU
		{5B9B939F-6996-48AE-954C-7EF64BD63494}.Release|Any CPU.Build.0 = Release|Any CPU
		{8878E601-9EB4-4F65-A869-DE32D6AFCAA5}.Debug|Any CPU.ActiveCfg = Debug|Any CPU
		{8878E601-9EB4-4F65-A869-DE32D6AFCAA5}.Debug|Any CPU.Build.0 = Debug|Any CPU
		{8878E601-9EB4-4F65-A869-DE32D6AFCAA5}.Release|Any CPU.ActiveCfg = Release|Any CPU
		{8878E601-9EB4-4F65-A869-DE32D6AFCAA5}.Release|Any CPU.Build.0 = Release|Any CPU
		{9D5D878A-58A5-47E0-918B-65AD3DA9857E}.Debug|Any CPU.ActiveCfg = Debug|Any CPU
		{9D5D878A-58A5-47E0-918B-65AD3DA9857E}.Debug|Any CPU.Build.0 = Debug|Any CPU
		{9D5D878A-58A5-47E0-918B-65AD3DA9857E}.Release|Any CPU.ActiveCfg = Release|Any CPU
		{9D5D878A-58A5-47E0-918B-65AD3DA9857E}.Release|Any CPU.Build.0 = Release|Any CPU
		{B6E94DDE-E5D0-41C0-91F6-33A61A5AECDF}.Debug|Any CPU.ActiveCfg = Debug|Any CPU
		{B6E94DDE-E5D0-41C0-91F6-33A61A5AECDF}.Debug|Any CPU.Build.0 = Debug|Any CPU
		{B6E94DDE-E5D0-41C0-91F6-33A61A5AECDF}.Release|Any CPU.ActiveCfg = Release|Any CPU
		{B6E94DDE-E5D0-41C0-91F6-33A61A5AECDF}.Release|Any CPU.Build.0 = Release|Any CPU
		{315D60CA-2896-49AC-A632-9CED745997A0}.Debug|Any CPU.ActiveCfg = Debug|Any CPU
		{315D60CA-2896-49AC-A632-9CED745997A0}.Debug|Any CPU.Build.0 = Debug|Any CPU
		{315D60CA-2896-49AC-A632-9CED745997A0}.Release|Any CPU.ActiveCfg = Release|Any CPU
		{315D60CA-2896-49AC-A632-9CED745997A0}.Release|Any CPU.Build.0 = Release|Any CPU
		{582A3CCE-FC30-4A62-9DDB-47EE7892BC34}.Debug|Any CPU.ActiveCfg = Debug|Any CPU
		{582A3CCE-FC30-4A62-9DDB-47EE7892BC34}.Debug|Any CPU.Build.0 = Debug|Any CPU
		{582A3CCE-FC30-4A62-9DDB-47EE7892BC34}.Release|Any CPU.ActiveCfg = Release|Any CPU
		{582A3CCE-FC30-4A62-9DDB-47EE7892BC34}.Release|Any CPU.Build.0 = Release|Any CPU
		{B6AD85CF-BCFD-4630-932E-ADA6894E6886}.Debug|Any CPU.ActiveCfg = Debug|Any CPU
		{B6AD85CF-BCFD-4630-932E-ADA6894E6886}.Debug|Any CPU.Build.0 = Debug|Any CPU
		{B6AD85CF-BCFD-4630-932E-ADA6894E6886}.Release|Any CPU.ActiveCfg = Release|Any CPU
		{B6AD85CF-BCFD-4630-932E-ADA6894E6886}.Release|Any CPU.Build.0 = Release|Any CPU
		{323CB24F-8EA9-4814-9C8F-A1EAE98486BC}.Debug|Any CPU.ActiveCfg = Debug|Any CPU
		{323CB24F-8EA9-4814-9C8F-A1EAE98486BC}.Debug|Any CPU.Build.0 = Debug|Any CPU
		{323CB24F-8EA9-4814-9C8F-A1EAE98486BC}.Release|Any CPU.ActiveCfg = Release|Any CPU
		{323CB24F-8EA9-4814-9C8F-A1EAE98486BC}.Release|Any CPU.Build.0 = Release|Any CPU
		{2C162C8D-855F-416D-A7AA-DCD09164672D}.Debug|Any CPU.ActiveCfg = Debug|Any CPU
		{2C162C8D-855F-416D-A7AA-DCD09164672D}.Debug|Any CPU.Build.0 = Debug|Any CPU
		{2C162C8D-855F-416D-A7AA-DCD09164672D}.Release|Any CPU.ActiveCfg = Release|Any CPU
		{2C162C8D-855F-416D-A7AA-DCD09164672D}.Release|Any CPU.Build.0 = Release|Any CPU
		{BE571D52-6A35-4A0D-8FC6-4AE8EC6AC73A}.Debug|Any CPU.ActiveCfg = Debug|Any CPU
		{BE571D52-6A35-4A0D-8FC6-4AE8EC6AC73A}.Debug|Any CPU.Build.0 = Debug|Any CPU
		{BE571D52-6A35-4A0D-8FC6-4AE8EC6AC73A}.Release|Any CPU.ActiveCfg = Release|Any CPU
		{BE571D52-6A35-4A0D-8FC6-4AE8EC6AC73A}.Release|Any CPU.Build.0 = Release|Any CPU
	EndGlobalSection
EndGlobal
